// !$*UTF8*$!
{
	archiveVersion = 1;
	classes = {
	};
	objectVersion = 50;
	objects = {

/* Begin PBXBuildFile section */
		30151404223B15A8000626D5 /* AppDelegate.swift in Sources */ = {isa = PBXBuildFile; fileRef = 30151403223B15A8000626D5 /* AppDelegate.swift */; };
		30151409223B15A8000626D5 /* Main.storyboard in Resources */ = {isa = PBXBuildFile; fileRef = 30151407223B15A8000626D5 /* Main.storyboard */; };
		3015140C223B15A8000626D5 /* Photorama.xcdatamodeld in Sources */ = {isa = PBXBuildFile; fileRef = 3015140A223B15A8000626D5 /* Photorama.xcdatamodeld */; };
		3015140E223B15A9000626D5 /* Assets.xcassets in Resources */ = {isa = PBXBuildFile; fileRef = 3015140D223B15A9000626D5 /* Assets.xcassets */; };
		30151411223B15A9000626D5 /* LaunchScreen.storyboard in Resources */ = {isa = PBXBuildFile; fileRef = 3015140F223B15A9000626D5 /* LaunchScreen.storyboard */; };
		3015141C223B15AA000626D5 /* PhotoramaTests.swift in Sources */ = {isa = PBXBuildFile; fileRef = 3015141B223B15AA000626D5 /* PhotoramaTests.swift */; };
		30151427223B15AA000626D5 /* PhotoramaUITests.swift in Sources */ = {isa = PBXBuildFile; fileRef = 30151426223B15AA000626D5 /* PhotoramaUITests.swift */; };
		30151435223B15BD000626D5 /* PhotosViewController.swift in Sources */ = {isa = PBXBuildFile; fileRef = 30151434223B15BD000626D5 /* PhotosViewController.swift */; };
		30151437223B1839000626D5 /* FlickrAPI.swift in Sources */ = {isa = PBXBuildFile; fileRef = 30151436223B1839000626D5 /* FlickrAPI.swift */; };
		30151439223B1CDA000626D5 /* PhotoStore.swift in Sources */ = {isa = PBXBuildFile; fileRef = 30151438223B1CDA000626D5 /* PhotoStore.swift */; };
		3015143B223B1F00000626D5 /* Photo.swift in Sources */ = {isa = PBXBuildFile; fileRef = 3015143A223B1F00000626D5 /* Photo.swift */; };
		30FB723A2244510F0099DA71 /* PhotoDataSource.swift in Sources */ = {isa = PBXBuildFile; fileRef = 30FB72392244510F0099DA71 /* PhotoDataSource.swift */; };
		30FB723C224456610099DA71 /* PhotoCollectionViewCell.swift in Sources */ = {isa = PBXBuildFile; fileRef = 30FB723B224456610099DA71 /* PhotoCollectionViewCell.swift */; };
/* End PBXBuildFile section */

/* Begin PBXContainerItemProxy section */
		30151418223B15AA000626D5 /* PBXContainerItemProxy */ = {
			isa = PBXContainerItemProxy;
			containerPortal = 301513F8223B15A8000626D5 /* Project object */;
			proxyType = 1;
			remoteGlobalIDString = 301513FF223B15A8000626D5;
			remoteInfo = Photorama;
		};
		30151423223B15AA000626D5 /* PBXContainerItemProxy */ = {
			isa = PBXContainerItemProxy;
			containerPortal = 301513F8223B15A8000626D5 /* Project object */;
			proxyType = 1;
			remoteGlobalIDString = 301513FF223B15A8000626D5;
			remoteInfo = Photorama;
		};
/* End PBXContainerItemProxy section */

/* Begin PBXFileReference section */
		30151400223B15A8000626D5 /* Photorama.app */ = {isa = PBXFileReference; explicitFileType = wrapper.application; includeInIndex = 0; path = Photorama.app; sourceTree = BUILT_PRODUCTS_DIR; };
		30151403223B15A8000626D5 /* AppDelegate.swift */ = {isa = PBXFileReference; lastKnownFileType = sourcecode.swift; path = AppDelegate.swift; sourceTree = "<group>"; };
		30151408223B15A8000626D5 /* Base */ = {isa = PBXFileReference; lastKnownFileType = file.storyboard; name = Base; path = Base.lproj/Main.storyboard; sourceTree = "<group>"; };
		3015140B223B15A8000626D5 /* Photorama.xcdatamodel */ = {isa = PBXFileReference; lastKnownFileType = wrapper.xcdatamodel; path = Photorama.xcdatamodel; sourceTree = "<group>"; };
		3015140D223B15A9000626D5 /* Assets.xcassets */ = {isa = PBXFileReference; lastKnownFileType = folder.assetcatalog; path = Assets.xcassets; sourceTree = "<group>"; };
		30151410223B15A9000626D5 /* Base */ = {isa = PBXFileReference; lastKnownFileType = file.storyboard; name = Base; path = Base.lproj/LaunchScreen.storyboard; sourceTree = "<group>"; };
		30151412223B15A9000626D5 /* Info.plist */ = {isa = PBXFileReference; lastKnownFileType = text.plist.xml; path = Info.plist; sourceTree = "<group>"; };
		30151417223B15AA000626D5 /* PhotoramaTests.xctest */ = {isa = PBXFileReference; explicitFileType = wrapper.cfbundle; includeInIndex = 0; path = PhotoramaTests.xctest; sourceTree = BUILT_PRODUCTS_DIR; };
		3015141B223B15AA000626D5 /* PhotoramaTests.swift */ = {isa = PBXFileReference; lastKnownFileType = sourcecode.swift; path = PhotoramaTests.swift; sourceTree = "<group>"; };
		3015141D223B15AA000626D5 /* Info.plist */ = {isa = PBXFileReference; lastKnownFileType = text.plist.xml; path = Info.plist; sourceTree = "<group>"; };
		30151422223B15AA000626D5 /* PhotoramaUITests.xctest */ = {isa = PBXFileReference; explicitFileType = wrapper.cfbundle; includeInIndex = 0; path = PhotoramaUITests.xctest; sourceTree = BUILT_PRODUCTS_DIR; };
		30151426223B15AA000626D5 /* PhotoramaUITests.swift */ = {isa = PBXFileReference; lastKnownFileType = sourcecode.swift; path = PhotoramaUITests.swift; sourceTree = "<group>"; };
		30151428223B15AA000626D5 /* Info.plist */ = {isa = PBXFileReference; lastKnownFileType = text.plist.xml; path = Info.plist; sourceTree = "<group>"; };
		30151434223B15BD000626D5 /* PhotosViewController.swift */ = {isa = PBXFileReference; lastKnownFileType = sourcecode.swift; path = PhotosViewController.swift; sourceTree = "<group>"; };
		30151436223B1839000626D5 /* FlickrAPI.swift */ = {isa = PBXFileReference; lastKnownFileType = sourcecode.swift; path = FlickrAPI.swift; sourceTree = "<group>"; };
		30151438223B1CDA000626D5 /* PhotoStore.swift */ = {isa = PBXFileReference; lastKnownFileType = sourcecode.swift; path = PhotoStore.swift; sourceTree = "<group>"; };
		3015143A223B1F00000626D5 /* Photo.swift */ = {isa = PBXFileReference; lastKnownFileType = sourcecode.swift; path = Photo.swift; sourceTree = "<group>"; };
		30FB72392244510F0099DA71 /* PhotoDataSource.swift */ = {isa = PBXFileReference; lastKnownFileType = sourcecode.swift; path = PhotoDataSource.swift; sourceTree = "<group>"; };
		30FB723B224456610099DA71 /* PhotoCollectionViewCell.swift */ = {isa = PBXFileReference; lastKnownFileType = sourcecode.swift; path = PhotoCollectionViewCell.swift; sourceTree = "<group>"; };
/* End PBXFileReference section */

/* Begin PBXFrameworksBuildPhase section */
		301513FD223B15A8000626D5 /* Frameworks */ = {
			isa = PBXFrameworksBuildPhase;
			buildActionMask = 2147483647;
			files = (
			);
			runOnlyForDeploymentPostprocessing = 0;
		};
		30151414223B15AA000626D5 /* Frameworks */ = {
			isa = PBXFrameworksBuildPhase;
			buildActionMask = 2147483647;
			files = (
			);
			runOnlyForDeploymentPostprocessing = 0;
		};
		3015141F223B15AA000626D5 /* Frameworks */ = {
			isa = PBXFrameworksBuildPhase;
			buildActionMask = 2147483647;
			files = (
			);
			runOnlyForDeploymentPostprocessing = 0;
		};
/* End PBXFrameworksBuildPhase section */

/* Begin PBXGroup section */
		301513F7223B15A8000626D5 = {
			isa = PBXGroup;
			children = (
				30151402223B15A8000626D5 /* Photorama */,
				3015141A223B15AA000626D5 /* PhotoramaTests */,
				30151425223B15AA000626D5 /* PhotoramaUITests */,
				30151401223B15A8000626D5 /* Products */,
			);
			sourceTree = "<group>";
		};
		30151401223B15A8000626D5 /* Products */ = {
			isa = PBXGroup;
			children = (
				30151400223B15A8000626D5 /* Photorama.app */,
				30151417223B15AA000626D5 /* PhotoramaTests.xctest */,
				30151422223B15AA000626D5 /* PhotoramaUITests.xctest */,
			);
			name = Products;
			sourceTree = "<group>";
		};
		30151402223B15A8000626D5 /* Photorama */ = {
			isa = PBXGroup;
			children = (
				30151403223B15A8000626D5 /* AppDelegate.swift */,
				30151407223B15A8000626D5 /* Main.storyboard */,
				3015140D223B15A9000626D5 /* Assets.xcassets */,
				3015140F223B15A9000626D5 /* LaunchScreen.storyboard */,
				30151412223B15A9000626D5 /* Info.plist */,
				3015140A223B15A8000626D5 /* Photorama.xcdatamodeld */,
				30151434223B15BD000626D5 /* PhotosViewController.swift */,
				30151436223B1839000626D5 /* FlickrAPI.swift */,
				30151438223B1CDA000626D5 /* PhotoStore.swift */,
				3015143A223B1F00000626D5 /* Photo.swift */,
				30FB72392244510F0099DA71 /* PhotoDataSource.swift */,
				30FB723B224456610099DA71 /* PhotoCollectionViewCell.swift */,
			);
			path = Photorama;
			sourceTree = "<group>";
		};
		3015141A223B15AA000626D5 /* PhotoramaTests */ = {
			isa = PBXGroup;
			children = (
				3015141B223B15AA000626D5 /* PhotoramaTests.swift */,
				3015141D223B15AA000626D5 /* Info.plist */,
			);
			path = PhotoramaTests;
			sourceTree = "<group>";
		};
		30151425223B15AA000626D5 /* PhotoramaUITests */ = {
			isa = PBXGroup;
			children = (
				30151426223B15AA000626D5 /* PhotoramaUITests.swift */,
				30151428223B15AA000626D5 /* Info.plist */,
			);
			path = PhotoramaUITests;
			sourceTree = "<group>";
		};
/* End PBXGroup section */

/* Begin PBXNativeTarget section */
		301513FF223B15A8000626D5 /* Photorama */ = {
			isa = PBXNativeTarget;
			buildConfigurationList = 3015142B223B15AA000626D5 /* Build configuration list for PBXNativeTarget "Photorama" */;
			buildPhases = (
				301513FC223B15A8000626D5 /* Sources */,
				301513FD223B15A8000626D5 /* Frameworks */,
				301513FE223B15A8000626D5 /* Resources */,
			);
			buildRules = (
			);
			dependencies = (
			);
			name = Photorama;
			productName = Photorama;
			productReference = 30151400223B15A8000626D5 /* Photorama.app */;
			productType = "com.apple.product-type.application";
		};
		30151416223B15AA000626D5 /* PhotoramaTests */ = {
			isa = PBXNativeTarget;
			buildConfigurationList = 3015142E223B15AA000626D5 /* Build configuration list for PBXNativeTarget "PhotoramaTests" */;
			buildPhases = (
				30151413223B15AA000626D5 /* Sources */,
				30151414223B15AA000626D5 /* Frameworks */,
				30151415223B15AA000626D5 /* Resources */,
			);
			buildRules = (
			);
			dependencies = (
				30151419223B15AA000626D5 /* PBXTargetDependency */,
			);
			name = PhotoramaTests;
			productName = PhotoramaTests;
			productReference = 30151417223B15AA000626D5 /* PhotoramaTests.xctest */;
			productType = "com.apple.product-type.bundle.unit-test";
		};
		30151421223B15AA000626D5 /* PhotoramaUITests */ = {
			isa = PBXNativeTarget;
			buildConfigurationList = 30151431223B15AA000626D5 /* Build configuration list for PBXNativeTarget "PhotoramaUITests" */;
			buildPhases = (
				3015141E223B15AA000626D5 /* Sources */,
				3015141F223B15AA000626D5 /* Frameworks */,
				30151420223B15AA000626D5 /* Resources */,
			);
			buildRules = (
			);
			dependencies = (
				30151424223B15AA000626D5 /* PBXTargetDependency */,
			);
			name = PhotoramaUITests;
			productName = PhotoramaUITests;
			productReference = 30151422223B15AA000626D5 /* PhotoramaUITests.xctest */;
			productType = "com.apple.product-type.bundle.ui-testing";
		};
/* End PBXNativeTarget section */

/* Begin PBXProject section */
		301513F8223B15A8000626D5 /* Project object */ = {
			isa = PBXProject;
			attributes = {
				LastSwiftUpdateCheck = 1010;
				LastUpgradeCheck = 1010;
				ORGANIZATIONNAME = "Centennial College";
				TargetAttributes = {
					301513FF223B15A8000626D5 = {
						CreatedOnToolsVersion = 10.1;
					};
					30151416223B15AA000626D5 = {
						CreatedOnToolsVersion = 10.1;
						TestTargetID = 301513FF223B15A8000626D5;
					};
					30151421223B15AA000626D5 = {
						CreatedOnToolsVersion = 10.1;
						TestTargetID = 301513FF223B15A8000626D5;
					};
				};
			};
			buildConfigurationList = 301513FB223B15A8000626D5 /* Build configuration list for PBXProject "Photorama" */;
			compatibilityVersion = "Xcode 9.3";
			developmentRegion = en;
			hasScannedForEncodings = 0;
			knownRegions = (
				en,
				Base,
			);
			mainGroup = 301513F7223B15A8000626D5;
			productRefGroup = 30151401223B15A8000626D5 /* Products */;
			projectDirPath = "";
			projectRoot = "";
			targets = (
				301513FF223B15A8000626D5 /* Photorama */,
				30151416223B15AA000626D5 /* PhotoramaTests */,
				30151421223B15AA000626D5 /* PhotoramaUITests */,
			);
		};
/* End PBXProject section */

/* Begin PBXResourcesBuildPhase section */
		301513FE223B15A8000626D5 /* Resources */ = {
			isa = PBXResourcesBuildPhase;
			buildActionMask = 2147483647;
			files = (
				30151411223B15A9000626D5 /* LaunchScreen.storyboard in Resources */,
				3015140E223B15A9000626D5 /* Assets.xcassets in Resources */,
				30151409223B15A8000626D5 /* Main.storyboard in Resources */,
			);
			runOnlyForDeploymentPostprocessing = 0;
		};
		30151415223B15AA000626D5 /* Resources */ = {
			isa = PBXResourcesBuildPhase;
			buildActionMask = 2147483647;
			files = (
			);
			runOnlyForDeploymentPostprocessing = 0;
		};
		30151420223B15AA000626D5 /* Resources */ = {
			isa = PBXResourcesBuildPhase;
			buildActionMask = 2147483647;
			files = (
			);
			runOnlyForDeploymentPostprocessing = 0;
		};
/* End PBXResourcesBuildPhase section */

/* Begin PBXSourcesBuildPhase section */
		301513FC223B15A8000626D5 /* Sources */ = {
			isa = PBXSourcesBuildPhase;
			buildActionMask = 2147483647;
			files = (
				3015143B223B1F00000626D5 /* Photo.swift in Sources */,
				30FB723C224456610099DA71 /* PhotoCollectionViewCell.swift in Sources */,
				30FB723A2244510F0099DA71 /* PhotoDataSource.swift in Sources */,
				30151439223B1CDA000626D5 /* PhotoStore.swift in Sources */,
				30151435223B15BD000626D5 /* PhotosViewController.swift in Sources */,
				30151404223B15A8000626D5 /* AppDelegate.swift in Sources */,
				3015140C223B15A8000626D5 /* Photorama.xcdatamodeld in Sources */,
				30151437223B1839000626D5 /* FlickrAPI.swift in Sources */,
			);
			runOnlyForDeploymentPostprocessing = 0;
		};
		30151413223B15AA000626D5 /* Sources */ = {
			isa = PBXSourcesBuildPhase;
			buildActionMask = 2147483647;
			files = (
				3015141C223B15AA000626D5 /* PhotoramaTests.swift in Sources */,
			);
			runOnlyForDeploymentPostprocessing = 0;
		};
		3015141E223B15AA000626D5 /* Sources */ = {
			isa = PBXSourcesBuildPhase;
			buildActionMask = 2147483647;
			files = (
				30151427223B15AA000626D5 /* PhotoramaUITests.swift in Sources */,
			);
			runOnlyForDeploymentPostprocessing = 0;
		};
/* End PBXSourcesBuildPhase section */

/* Begin PBXTargetDependency section */
		30151419223B15AA000626D5 /* PBXTargetDependency */ = {
			isa = PBXTargetDependency;
			target = 301513FF223B15A8000626D5 /* Photorama */;
			targetProxy = 30151418223B15AA000626D5 /* PBXContainerItemProxy */;
		};
		30151424223B15AA000626D5 /* PBXTargetDependency */ = {
			isa = PBXTargetDependency;
			target = 301513FF223B15A8000626D5 /* Photorama */;
			targetProxy = 30151423223B15AA000626D5 /* PBXContainerItemProxy */;
		};
/* End PBXTargetDependency section */

/* Begin PBXVariantGroup section */
		30151407223B15A8000626D5 /* Main.storyboard */ = {
			isa = PBXVariantGroup;
			children = (
				30151408223B15A8000626D5 /* Base */,
			);
			name = Main.storyboard;
			sourceTree = "<group>";
		};
		3015140F223B15A9000626D5 /* LaunchScreen.storyboard */ = {
			isa = PBXVariantGroup;
			children = (
				30151410223B15A9000626D5 /* Base */,
			);
			name = LaunchScreen.storyboard;
			sourceTree = "<group>";
		};
/* End PBXVariantGroup section */

/* Begin XCBuildConfiguration section */
		30151429223B15AA000626D5 /* Debug */ = {
			isa = XCBuildConfiguration;
			buildSettings = {
				ALWAYS_SEARCH_USER_PATHS = NO;
				CLANG_ANALYZER_NONNULL = YES;
				CLANG_ANALYZER_NUMBER_OBJECT_CONVERSION = YES_AGGRESSIVE;
				CLANG_CXX_LANGUAGE_STANDARD = "gnu++14";
				CLANG_CXX_LIBRARY = "libc++";
				CLANG_ENABLE_MODULES = YES;
				CLANG_ENABLE_OBJC_ARC = YES;
				CLANG_ENABLE_OBJC_WEAK = YES;
				CLANG_WARN_BLOCK_CAPTURE_AUTORELEASING = YES;
				CLANG_WARN_BOOL_CONVERSION = YES;
				CLANG_WARN_COMMA = YES;
				CLANG_WARN_CONSTANT_CONVERSION = YES;
				CLANG_WARN_DEPRECATED_OBJC_IMPLEMENTATIONS = YES;
				CLANG_WARN_DIRECT_OBJC_ISA_USAGE = YES_ERROR;
				CLANG_WARN_DOCUMENTATION_COMMENTS = YES;
				CLANG_WARN_EMPTY_BODY = YES;
				CLANG_WARN_ENUM_CONVERSION = YES;
				CLANG_WARN_INFINITE_RECURSION = YES;
				CLANG_WARN_INT_CONVERSION = YES;
				CLANG_WARN_NON_LITERAL_NULL_CONVERSION = YES;
				CLANG_WARN_OBJC_IMPLICIT_RETAIN_SELF = YES;
				CLANG_WARN_OBJC_LITERAL_CONVERSION = YES;
				CLANG_WARN_OBJC_ROOT_CLASS = YES_ERROR;
				CLANG_WARN_RANGE_LOOP_ANALYSIS = YES;
				CLANG_WARN_STRICT_PROTOTYPES = YES;
				CLANG_WARN_SUSPICIOUS_MOVE = YES;
				CLANG_WARN_UNGUARDED_AVAILABILITY = YES_AGGRESSIVE;
				CLANG_WARN_UNREACHABLE_CODE = YES;
				CLANG_WARN__DUPLICATE_METHOD_MATCH = YES;
				CODE_SIGN_IDENTITY = "iPhone Developer";
				COPY_PHASE_STRIP = NO;
				DEBUG_INFORMATION_FORMAT = dwarf;
				ENABLE_STRICT_OBJC_MSGSEND = YES;
				ENABLE_TESTABILITY = YES;
				GCC_C_LANGUAGE_STANDARD = gnu11;
				GCC_DYNAMIC_NO_PIC = NO;
				GCC_NO_COMMON_BLOCKS = YES;
				GCC_OPTIMIZATION_LEVEL = 0;
				GCC_PREPROCESSOR_DEFINITIONS = (
					"DEBUG=1",
					"$(inherited)",
				);
				GCC_WARN_64_TO_32_BIT_CONVERSION = YES;
				GCC_WARN_ABOUT_RETURN_TYPE = YES_ERROR;
				GCC_WARN_UNDECLARED_SELECTOR = YES;
				GCC_WARN_UNINITIALIZED_AUTOS = YES_AGGRESSIVE;
				GCC_WARN_UNUSED_FUNCTION = YES;
				GCC_WARN_UNUSED_VARIABLE = YES;
				IPHONEOS_DEPLOYMENT_TARGET = 12.1;
				MTL_ENABLE_DEBUG_INFO = INCLUDE_SOURCE;
				MTL_FAST_MATH = YES;
				ONLY_ACTIVE_ARCH = YES;
				SDKROOT = iphoneos;
				SWIFT_ACTIVE_COMPILATION_CONDITIONS = DEBUG;
				SWIFT_OPTIMIZATION_LEVEL = "-Onone";
			};
			name = Debug;
		};
		3015142A223B15AA000626D5 /* Release */ = {
			isa = XCBuildConfiguration;
			buildSettings = {
				ALWAYS_SEARCH_USER_PATHS = NO;
				CLANG_ANALYZER_NONNULL = YES;
				CLANG_ANALYZER_NUMBER_OBJECT_CONVERSION = YES_AGGRESSIVE;
				CLANG_CXX_LANGUAGE_STANDARD = "gnu++14";
				CLANG_CXX_LIBRARY = "libc++";
				CLANG_ENABLE_MODULES = YES;
				CLANG_ENABLE_OBJC_ARC = YES;
				CLANG_ENABLE_OBJC_WEAK = YES;
				CLANG_WARN_BLOCK_CAPTURE_AUTORELEASING = YES;
				CLANG_WARN_BOOL_CONVERSION = YES;
				CLANG_WARN_COMMA = YES;
				CLANG_WARN_CONSTANT_CONVERSION = YES;
				CLANG_WARN_DEPRECATED_OBJC_IMPLEMENTATIONS = YES;
				CLANG_WARN_DIRECT_OBJC_ISA_USAGE = YES_ERROR;
				CLANG_WARN_DOCUMENTATION_COMMENTS = YES;
				CLANG_WARN_EMPTY_BODY = YES;
				CLANG_WARN_ENUM_CONVERSION = YES;
				CLANG_WARN_INFINITE_RECURSION = YES;
				CLANG_WARN_INT_CONVERSION = YES;
				CLANG_WARN_NON_LITERAL_NULL_CONVERSION = YES;
				CLANG_WARN_OBJC_IMPLICIT_RETAIN_SELF = YES;
				CLANG_WARN_OBJC_LITERAL_CONVERSION = YES;
				CLANG_WARN_OBJC_ROOT_CLASS = YES_ERROR;
				CLANG_WARN_RANGE_LOOP_ANALYSIS = YES;
				CLANG_WARN_STRICT_PROTOTYPES = YES;
				CLANG_WARN_SUSPICIOUS_MOVE = YES;
				CLANG_WARN_UNGUARDED_AVAILABILITY = YES_AGGRESSIVE;
				CLANG_WARN_UNREACHABLE_CODE = YES;
				CLANG_WARN__DUPLICATE_METHOD_MATCH = YES;
				CODE_SIGN_IDENTITY = "iPhone Developer";
				COPY_PHASE_STRIP = NO;
				DEBUG_INFORMATION_FORMAT = "dwarf-with-dsym";
				ENABLE_NS_ASSERTIONS = NO;
				ENABLE_STRICT_OBJC_MSGSEND = YES;
				GCC_C_LANGUAGE_STANDARD = gnu11;
				GCC_NO_COMMON_BLOCKS = YES;
				GCC_WARN_64_TO_32_BIT_CONVERSION = YES;
				GCC_WARN_ABOUT_RETURN_TYPE = YES_ERROR;
				GCC_WARN_UNDECLARED_SELECTOR = YES;
				GCC_WARN_UNINITIALIZED_AUTOS = YES_AGGRESSIVE;
				GCC_WARN_UNUSED_FUNCTION = YES;
				GCC_WARN_UNUSED_VARIABLE = YES;
				IPHONEOS_DEPLOYMENT_TARGET = 12.1;
				MTL_ENABLE_DEBUG_INFO = NO;
				MTL_FAST_MATH = YES;
				SDKROOT = iphoneos;
				SWIFT_COMPILATION_MODE = wholemodule;
				SWIFT_OPTIMIZATION_LEVEL = "-O";
				VALIDATE_PRODUCT = YES;
			};
			name = Release;
		};
		3015142C223B15AA000626D5 /* Debug */ = {
			isa = XCBuildConfiguration;
			buildSettings = {
				ASSETCATALOG_COMPILER_APPICON_NAME = AppIcon;
				CODE_SIGN_STYLE = Automatic;
				DEVELOPMENT_TEAM = 2BULHRS882;
				INFOPLIST_FILE = Photorama/Info.plist;
				LD_RUNPATH_SEARCH_PATHS = (
					"$(inherited)",
					"@executable_path/Frameworks",
				);
				PRODUCT_BUNDLE_IDENTIFIER = CentennialCollege.Photorama;
				PRODUCT_NAME = "$(TARGET_NAME)";
				SWIFT_VERSION = 4.2;
				TARGETED_DEVICE_FAMILY = "1,2";
			};
			name = Debug;
		};
		3015142D223B15AA000626D5 /* Release */ = {
			isa = XCBuildConfiguration;
			buildSettings = {
				ASSETCATALOG_COMPILER_APPICON_NAME = AppIcon;
				CODE_SIGN_STYLE = Automatic;
				DEVELOPMENT_TEAM = 2BULHRS882;
				INFOPLIST_FILE = Photorama/Info.plist;
				LD_RUNPATH_SEARCH_PATHS = (
					"$(inherited)",
					"@executable_path/Frameworks",
				);
				PRODUCT_BUNDLE_IDENTIFIER = CentennialCollege.Photorama;
				PRODUCT_NAME = "$(TARGET_NAME)";
				SWIFT_VERSION = 4.2;
				TARGETED_DEVICE_FAMILY = "1,2";
			};
			name = Release;
		};
		3015142F223B15AA000626D5 /* Debug */ = {
			isa = XCBuildConfiguration;
			buildSettings = {
				ALWAYS_EMBED_SWIFT_STANDARD_LIBRARIES = YES;
				BUNDLE_LOADER = "$(TEST_HOST)";
				CODE_SIGN_STYLE = Automatic;
				DEVELOPMENT_TEAM = 2BULHRS882;
				INFOPLIST_FILE = PhotoramaTests/Info.plist;
				LD_RUNPATH_SEARCH_PATHS = (
					"$(inherited)",
					"@executable_path/Frameworks",
					"@loader_path/Frameworks",
				);
				PRODUCT_BUNDLE_IDENTIFIER = CentennialCollege.PhotoramaTests;
				PRODUCT_NAME = "$(TARGET_NAME)";
				SWIFT_VERSION = 4.2;
				TARGETED_DEVICE_FAMILY = "1,2";
				TEST_HOST = "$(BUILT_PRODUCTS_DIR)/Photorama.app/Photorama";
			};
			name = Debug;
		};
		30151430223B15AA000626D5 /* Release */ = {
			isa = XCBuildConfiguration;
			buildSettings = {
				ALWAYS_EMBED_SWIFT_STANDARD_LIBRARIES = YES;
				BUNDLE_LOADER = "$(TEST_HOST)";
				CODE_SIGN_STYLE = Automatic;
				DEVELOPMENT_TEAM = 2BULHRS882;
				INFOPLIST_FILE = PhotoramaTests/Info.plist;
				LD_RUNPATH_SEARCH_PATHS = (
					"$(inherited)",
					"@executable_path/Frameworks",
					"@loader_path/Frameworks",
				);
				PRODUCT_BUNDLE_IDENTIFIER = CentennialCollege.PhotoramaTests;
				PRODUCT_NAME = "$(TARGET_NAME)";
				SWIFT_VERSION = 4.2;
				TARGETED_DEVICE_FAMILY = "1,2";
				TEST_HOST = "$(BUILT_PRODUCTS_DIR)/Photorama.app/Photorama";
			};
			name = Release;
		};
		30151432223B15AA000626D5 /* Debug */ = {
			isa = XCBuildConfiguration;
			buildSettings = {
				ALWAYS_EMBED_SWIFT_STANDARD_LIBRARIES = YES;
				CODE_SIGN_STYLE = Automatic;
				DEVELOPMENT_TEAM = 2BULHRS882;
				INFOPLIST_FILE = PhotoramaUITests/Info.plist;
				LD_RUNPATH_SEARCH_PATHS = (
					"$(inherited)",
					"@executable_path/Frameworks",
					"@loader_path/Frameworks",
				);
				PRODUCT_BUNDLE_IDENTIFIER = CentennialCollege.PhotoramaUITests;
				PRODUCT_NAME = "$(TARGET_NAME)";
				SWIFT_VERSION = 4.2;
				TARGETED_DEVICE_FAMILY = "1,2";
				TEST_TARGET_NAME = Photorama;
			};
			name = Debug;
		};
		30151433223B15AA000626D5 /* Release */ = {
			isa = XCBuildConfiguration;
			buildSettings = {
				ALWAYS_EMBED_SWIFT_STANDARD_LIBRARIES = YES;
				CODE_SIGN_STYLE = Automatic;
				DEVELOPMENT_TEAM = 2BULHRS882;
				INFOPLIST_FILE = PhotoramaUITests/Info.plist;
				LD_RUNPATH_SEARCH_PATHS = (
					"$(inherited)",
					"@executable_path/Frameworks",
					"@loader_path/Frameworks",
				);
				PRODUCT_BUNDLE_IDENTIFIER = CentennialCollege.PhotoramaUITests;
				PRODUCT_NAME = "$(TARGET_NAME)";
				SWIFT_VERSION = 4.2;
				TARGETED_DEVICE_FAMILY = "1,2";
				TEST_TARGET_NAME = Photorama;
			};
			name = Release;
		};
/* End XCBuildConfiguration section */

/* Begin XCConfigurationList section */
		301513FB223B15A8000626D5 /* Build configuration list for PBXProject "Photorama" */ = {
			isa = XCConfigurationList;
			buildConfigurations = (
				30151429223B15AA000626D5 /* Debug */,
				3015142A223B15AA000626D5 /* Release */,
			);
			defaultConfigurationIsVisible = 0;
			defaultConfigurationName = Release;
		};
		3015142B223B15AA000626D5 /* Build configuration list for PBXNativeTarget "Photorama" */ = {
			isa = XCConfigurationList;
			buildConfigurations = (
				3015142C223B15AA000626D5 /* Debug */,
				3015142D223B15AA000626D5 /* Release */,
			);
			defaultConfigurationIsVisible = 0;
			defaultConfigurationName = Release;
		};
		3015142E223B15AA000626D5 /* Build configuration list for PBXNativeTarget "PhotoramaTests" */ = {
			isa = XCConfigurationList;
			buildConfigurations = (
				3015142F223B15AA000626D5 /* Debug */,
				30151430223B15AA000626D5 /* Release */,
			);
			defaultConfigurationIsVisible = 0;
			defaultConfigurationName = Release;
		};
		30151431223B15AA000626D5 /* Build configuration list for PBXNativeTarget "PhotoramaUITests" */ = {
			isa = XCConfigurationList;
			buildConfigurations = (
				30151432223B15AA000626D5 /* Debug */,
				30151433223B15AA000626D5 /* Release */,
			);
			defaultConfigurationIsVisible = 0;
			defaultConfigurationName = Release;
		};
/* End XCConfigurationList section */

/* Begin XCVersionGroup section */
		3015140A223B15A8000626D5 /* Photorama.xcdatamodeld */ = {
			isa = XCVersionGroup;
			children = (
				3015140B223B15A8000626D5 /* Photorama.xcdatamodel */,
			);
			currentVersion = 3015140B223B15A8000626D5 /* Photorama.xcdatamodel */;
			path = Photorama.xcdatamodeld;
			sourceTree = "<group>";
			versionGroupType = wrapper.xcdatamodel;
		};
/* End XCVersionGroup section */
	};
	rootObject = 301513F8223B15A8000626D5 /* Project object */;
}
